
Microsoft Visual Studio Solution File, Format Version 12.00
# Visual Studio 15
VisualStudioVersion = 15.0.28307.705
MinimumVisualStudioVersion = 10.0.40219.1
Project("{FAE04EC0-301F-11D3-BF4B-00C04F79EFBC}") = "Vidly", "Vidly\Vidly.csproj", "{326A531C-BAF7-4A60-8F52-BC02AB1EE845}"
EndProject
Global
	GlobalSection(SolutionConfigurationPlatforms) = preSolution
		Debug|Any CPU = Debug|Any CPU
		Release|Any CPU = Release|Any CPU
	EndGlobalSection
	GlobalSection(ProjectConfigurationPlatforms) = postSolution
		{326A531C-BAF7-4A60-8F52-BC02AB1EE845}.Debug|Any CPU.ActiveCfg = Debug|Any CPU
		{326A531C-BAF7-4A60-8F52-BC02AB1EE845}.Debug|Any CPU.Build.0 = Debug|Any CPU
		{326A531C-BAF7-4A60-8F52-BC02AB1EE845}.Release|Any CPU.ActiveCfg = Release|Any CPU
		{326A531C-BAF7-4A60-8F52-BC02AB1EE845}.Release|Any CPU.Build.0 = Release|Any CPU
	EndGlobalSection
	GlobalSection(SolutionProperties) = preSolution
		HideSolutionNode = FALSE
	EndGlobalSection
	GlobalSection(ExtensibilityGlobals) = postSolution
		SolutionGuid = {89FF514D-A9FA-478E-8951-CD705FD85AA4}
	EndGlobalSection
EndGlobal
